{
  "name": "pryac",
  "version": "1.0.0",
  "lockfileVersion": 1,
  "requires": true,
  "dependencies": {
    "bson-objectid": {
      "version": "2.0.1",
      "resolved": "https://registry.npmjs.org/bson-objectid/-/bson-objectid-2.0.1.tgz",
      "integrity": "sha512-b4D1/G4uP9Yks4rv+nDVsZ4ybT1W5nQYw4lfpfaRP2Q18azlR6Oe2BAuirG1lzrwQFtHnJ0nrK5kWKKZVEMUng=="
    }
  }
}
